// !$*UTF8*$!
{
	archiveVersion = 1;
	classes = {
	};
	objectVersion = 55;
	objects = {

/* Begin PBXBuildFile section */
		383B55548CE0E5235D3093F8 /* Pods_MovieApp.framework in Frameworks */ = {isa = PBXBuildFile; fileRef = C79F4AD1BF03F0590CAB7FE6 /* Pods_MovieApp.framework */; };
		6B7DCFBA36BAE6BDA7CE14F9 /* Pods_MovieAppTests.framework in Frameworks */ = {isa = PBXBuildFile; fileRef = A28EF529F186F2312A69DE69 /* Pods_MovieAppTests.framework */; };
		A35A858ABA3669786C28D773 /* Pods_MovieApp_MovieAppUITests.framework in Frameworks */ = {isa = PBXBuildFile; fileRef = 0DE5E4EDCA1AF8B125937718 /* Pods_MovieApp_MovieAppUITests.framework */; };
		C38FA720277F706A00DAB353 /* NetworkManager.swift in Sources */ = {isa = PBXBuildFile; fileRef = C38FA71F277F706A00DAB353 /* NetworkManager.swift */; };
		C38FA723277F710A00DAB353 /* Constants.swift in Sources */ = {isa = PBXBuildFile; fileRef = C38FA722277F710A00DAB353 /* Constants.swift */; };
		C38FA725277F945200DAB353 /* NetworkError.swift in Sources */ = {isa = PBXBuildFile; fileRef = C38FA724277F945200DAB353 /* NetworkError.swift */; };
		C38FA727277F946400DAB353 /* Alert.swift in Sources */ = {isa = PBXBuildFile; fileRef = C38FA726277F946400DAB353 /* Alert.swift */; };
		C38FA72A277F949700DAB353 /* BaseViewController.swift in Sources */ = {isa = PBXBuildFile; fileRef = C38FA729277F949700DAB353 /* BaseViewController.swift */; };
		C38FA72D277F94B800DAB353 /* MoviesViewController.swift in Sources */ = {isa = PBXBuildFile; fileRef = C38FA72C277F94B800DAB353 /* MoviesViewController.swift */; };
		C38FA72F277F94E600DAB353 /* MovieResponse.swift in Sources */ = {isa = PBXBuildFile; fileRef = C38FA72E277F94E600DAB353 /* MovieResponse.swift */; };
		C38FA731277F95B200DAB353 /* Movie.swift in Sources */ = {isa = PBXBuildFile; fileRef = C38FA730277F95B200DAB353 /* Movie.swift */; };
		C38FA733277F968700DAB353 /* MediaType.swift in Sources */ = {isa = PBXBuildFile; fileRef = C38FA732277F968700DAB353 /* MediaType.swift */; };
		C38FA735277F973500DAB353 /* CreatedBy.swift in Sources */ = {isa = PBXBuildFile; fileRef = C38FA734277F973500DAB353 /* CreatedBy.swift */; };
		C38FA73A277FA0D400DAB353 /* MoviesViewModel.swift in Sources */ = {isa = PBXBuildFile; fileRef = C38FA739277FA0D400DAB353 /* MoviesViewModel.swift */; };
		C38FA73D278031D300DAB353 /* MoviesCollectionViewCell.swift in Sources */ = {isa = PBXBuildFile; fileRef = C38FA73C278031D300DAB353 /* MoviesCollectionViewCell.swift */; };
		C38FA73F27806F0900DAB353 /* UIViewExtension.swift in Sources */ = {isa = PBXBuildFile; fileRef = C38FA73E27806F0900DAB353 /* UIViewExtension.swift */; };
		C38FA74127806F2100DAB353 /* ReactiveExtension.swift in Sources */ = {isa = PBXBuildFile; fileRef = C38FA74027806F2100DAB353 /* ReactiveExtension.swift */; };
		C38FA74327806F3500DAB353 /* StringExtension.swift in Sources */ = {isa = PBXBuildFile; fileRef = C38FA74227806F3500DAB353 /* StringExtension.swift */; };
		C38FA74627819CC400DAB353 /* MovieDetailViewController.swift in Sources */ = {isa = PBXBuildFile; fileRef = C38FA74527819CC400DAB353 /* MovieDetailViewController.swift */; };
		C3DA789C277F26FF0026A824 /* AppDelegate.swift in Sources */ = {isa = PBXBuildFile; fileRef = C3DA789B277F26FF0026A824 /* AppDelegate.swift */; };
		C3DA789E277F26FF0026A824 /* SceneDelegate.swift in Sources */ = {isa = PBXBuildFile; fileRef = C3DA789D277F26FF0026A824 /* SceneDelegate.swift */; };
		C3DA78A3277F26FF0026A824 /* Main.storyboard in Resources */ = {isa = PBXBuildFile; fileRef = C3DA78A1277F26FF0026A824 /* Main.storyboard */; };
		C3DA78A5277F27000026A824 /* Assets.xcassets in Resources */ = {isa = PBXBuildFile; fileRef = C3DA78A4277F27000026A824 /* Assets.xcassets */; };
		C3DA78A8277F27000026A824 /* LaunchScreen.storyboard in Resources */ = {isa = PBXBuildFile; fileRef = C3DA78A6277F27000026A824 /* LaunchScreen.storyboard */; };
		C3DA78B3277F27000026A824 /* MovieAppTests.swift in Sources */ = {isa = PBXBuildFile; fileRef = C3DA78B2277F27000026A824 /* MovieAppTests.swift */; };
		C3DA78BD277F27010026A824 /* MovieAppUITests.swift in Sources */ = {isa = PBXBuildFile; fileRef = C3DA78BC277F27010026A824 /* MovieAppUITests.swift */; };
		C3DA78BF277F27010026A824 /* MovieAppUITestsLaunchTests.swift in Sources */ = {isa = PBXBuildFile; fileRef = C3DA78BE277F27010026A824 /* MovieAppUITestsLaunchTests.swift */; };
/* End PBXBuildFile section */

/* Begin PBXContainerItemProxy section */
		C3DA78AF277F27000026A824 /* PBXContainerItemProxy */ = {
			isa = PBXContainerItemProxy;
			containerPortal = C3DA7890277F26FF0026A824 /* Project object */;
			proxyType = 1;
			remoteGlobalIDString = C3DA7897277F26FF0026A824;
			remoteInfo = MovieApp;
		};
		C3DA78B9277F27000026A824 /* PBXContainerItemProxy */ = {
			isa = PBXContainerItemProxy;
			containerPortal = C3DA7890277F26FF0026A824 /* Project object */;
			proxyType = 1;
			remoteGlobalIDString = C3DA7897277F26FF0026A824;
			remoteInfo = MovieApp;
		};
/* End PBXContainerItemProxy section */

/* Begin PBXFileReference section */
		0DE5E4EDCA1AF8B125937718 /* Pods_MovieApp_MovieAppUITests.framework */ = {isa = PBXFileReference; explicitFileType = wrapper.framework; includeInIndex = 0; path = Pods_MovieApp_MovieAppUITests.framework; sourceTree = BUILT_PRODUCTS_DIR; };
		10E730C84A3374AE107F0521 /* Pods-MovieApp-MovieAppUITests.debug.xcconfig */ = {isa = PBXFileReference; includeInIndex = 1; lastKnownFileType = text.xcconfig; name = "Pods-MovieApp-MovieAppUITests.debug.xcconfig"; path = "Target Support Files/Pods-MovieApp-MovieAppUITests/Pods-MovieApp-MovieAppUITests.debug.xcconfig"; sourceTree = "<group>"; };
		4DC85FA027400CDC3475AD9C /* Pods-MovieAppTests.release.xcconfig */ = {isa = PBXFileReference; includeInIndex = 1; lastKnownFileType = text.xcconfig; name = "Pods-MovieAppTests.release.xcconfig"; path = "Target Support Files/Pods-MovieAppTests/Pods-MovieAppTests.release.xcconfig"; sourceTree = "<group>"; };
		736BBFAA4884361EC69ABCF8 /* Pods-MovieAppTests.debug.xcconfig */ = {isa = PBXFileReference; includeInIndex = 1; lastKnownFileType = text.xcconfig; name = "Pods-MovieAppTests.debug.xcconfig"; path = "Target Support Files/Pods-MovieAppTests/Pods-MovieAppTests.debug.xcconfig"; sourceTree = "<group>"; };
		86AE708FE81B398EB859AD08 /* Pods-MovieApp.debug.xcconfig */ = {isa = PBXFileReference; includeInIndex = 1; lastKnownFileType = text.xcconfig; name = "Pods-MovieApp.debug.xcconfig"; path = "Target Support Files/Pods-MovieApp/Pods-MovieApp.debug.xcconfig"; sourceTree = "<group>"; };
		8CF1E4CFF7E7513E963A7165 /* Pods-MovieApp.release.xcconfig */ = {isa = PBXFileReference; includeInIndex = 1; lastKnownFileType = text.xcconfig; name = "Pods-MovieApp.release.xcconfig"; path = "Target Support Files/Pods-MovieApp/Pods-MovieApp.release.xcconfig"; sourceTree = "<group>"; };
		8E528D6F17CF5928DF1694B2 /* Pods-MovieApp-MovieAppUITests.release.xcconfig */ = {isa = PBXFileReference; includeInIndex = 1; lastKnownFileType = text.xcconfig; name = "Pods-MovieApp-MovieAppUITests.release.xcconfig"; path = "Target Support Files/Pods-MovieApp-MovieAppUITests/Pods-MovieApp-MovieAppUITests.release.xcconfig"; sourceTree = "<group>"; };
		A28EF529F186F2312A69DE69 /* Pods_MovieAppTests.framework */ = {isa = PBXFileReference; explicitFileType = wrapper.framework; includeInIndex = 0; path = Pods_MovieAppTests.framework; sourceTree = BUILT_PRODUCTS_DIR; };
		C38FA71F277F706A00DAB353 /* NetworkManager.swift */ = {isa = PBXFileReference; lastKnownFileType = sourcecode.swift; path = NetworkManager.swift; sourceTree = "<group>"; };
		C38FA722277F710A00DAB353 /* Constants.swift */ = {isa = PBXFileReference; lastKnownFileType = sourcecode.swift; path = Constants.swift; sourceTree = "<group>"; };
		C38FA724277F945200DAB353 /* NetworkError.swift */ = {isa = PBXFileReference; lastKnownFileType = sourcecode.swift; path = NetworkError.swift; sourceTree = "<group>"; };
		C38FA726277F946400DAB353 /* Alert.swift */ = {isa = PBXFileReference; lastKnownFileType = sourcecode.swift; path = Alert.swift; sourceTree = "<group>"; };
		C38FA729277F949700DAB353 /* BaseViewController.swift */ = {isa = PBXFileReference; lastKnownFileType = sourcecode.swift; path = BaseViewController.swift; sourceTree = "<group>"; };
		C38FA72C277F94B800DAB353 /* MoviesViewController.swift */ = {isa = PBXFileReference; lastKnownFileType = sourcecode.swift; path = MoviesViewController.swift; sourceTree = "<group>"; };
		C38FA72E277F94E600DAB353 /* MovieResponse.swift */ = {isa = PBXFileReference; lastKnownFileType = sourcecode.swift; path = MovieResponse.swift; sourceTree = "<group>"; };
		C38FA730277F95B200DAB353 /* Movie.swift */ = {isa = PBXFileReference; lastKnownFileType = sourcecode.swift; path = Movie.swift; sourceTree = "<group>"; };
		C38FA732277F968700DAB353 /* MediaType.swift */ = {isa = PBXFileReference; lastKnownFileType = sourcecode.swift; path = MediaType.swift; sourceTree = "<group>"; };
		C38FA734277F973500DAB353 /* CreatedBy.swift */ = {isa = PBXFileReference; lastKnownFileType = sourcecode.swift; path = CreatedBy.swift; sourceTree = "<group>"; };
		C38FA739277FA0D400DAB353 /* MoviesViewModel.swift */ = {isa = PBXFileReference; lastKnownFileType = sourcecode.swift; path = MoviesViewModel.swift; sourceTree = "<group>"; };
		C38FA73C278031D300DAB353 /* MoviesCollectionViewCell.swift */ = {isa = PBXFileReference; lastKnownFileType = sourcecode.swift; path = MoviesCollectionViewCell.swift; sourceTree = "<group>"; };
		C38FA73E27806F0900DAB353 /* UIViewExtension.swift */ = {isa = PBXFileReference; lastKnownFileType = sourcecode.swift; path = UIViewExtension.swift; sourceTree = "<group>"; };
		C38FA74027806F2100DAB353 /* ReactiveExtension.swift */ = {isa = PBXFileReference; lastKnownFileType = sourcecode.swift; path = ReactiveExtension.swift; sourceTree = "<group>"; };
		C38FA74227806F3500DAB353 /* StringExtension.swift */ = {isa = PBXFileReference; lastKnownFileType = sourcecode.swift; path = StringExtension.swift; sourceTree = "<group>"; };
		C38FA74527819CC400DAB353 /* MovieDetailViewController.swift */ = {isa = PBXFileReference; lastKnownFileType = sourcecode.swift; path = MovieDetailViewController.swift; sourceTree = "<group>"; };
		C3DA7898277F26FF0026A824 /* MovieApp.app */ = {isa = PBXFileReference; explicitFileType = wrapper.application; includeInIndex = 0; path = MovieApp.app; sourceTree = BUILT_PRODUCTS_DIR; };
		C3DA789B277F26FF0026A824 /* AppDelegate.swift */ = {isa = PBXFileReference; lastKnownFileType = sourcecode.swift; path = AppDelegate.swift; sourceTree = "<group>"; };
		C3DA789D277F26FF0026A824 /* SceneDelegate.swift */ = {isa = PBXFileReference; lastKnownFileType = sourcecode.swift; path = SceneDelegate.swift; sourceTree = "<group>"; };
		C3DA78A2277F26FF0026A824 /* Base */ = {isa = PBXFileReference; lastKnownFileType = file.storyboard; name = Base; path = Base.lproj/Main.storyboard; sourceTree = "<group>"; };
		C3DA78A4277F27000026A824 /* Assets.xcassets */ = {isa = PBXFileReference; lastKnownFileType = folder.assetcatalog; path = Assets.xcassets; sourceTree = "<group>"; };
		C3DA78A7277F27000026A824 /* Base */ = {isa = PBXFileReference; lastKnownFileType = file.storyboard; name = Base; path = Base.lproj/LaunchScreen.storyboard; sourceTree = "<group>"; };
		C3DA78A9277F27000026A824 /* Info.plist */ = {isa = PBXFileReference; lastKnownFileType = text.plist.xml; path = Info.plist; sourceTree = "<group>"; };
		C3DA78AE277F27000026A824 /* MovieAppTests.xctest */ = {isa = PBXFileReference; explicitFileType = wrapper.cfbundle; includeInIndex = 0; path = MovieAppTests.xctest; sourceTree = BUILT_PRODUCTS_DIR; };
		C3DA78B2277F27000026A824 /* MovieAppTests.swift */ = {isa = PBXFileReference; lastKnownFileType = sourcecode.swift; path = MovieAppTests.swift; sourceTree = "<group>"; };
		C3DA78B8277F27000026A824 /* MovieAppUITests.xctest */ = {isa = PBXFileReference; explicitFileType = wrapper.cfbundle; includeInIndex = 0; path = MovieAppUITests.xctest; sourceTree = BUILT_PRODUCTS_DIR; };
		C3DA78BC277F27010026A824 /* MovieAppUITests.swift */ = {isa = PBXFileReference; lastKnownFileType = sourcecode.swift; path = MovieAppUITests.swift; sourceTree = "<group>"; };
		C3DA78BE277F27010026A824 /* MovieAppUITestsLaunchTests.swift */ = {isa = PBXFileReference; lastKnownFileType = sourcecode.swift; path = MovieAppUITestsLaunchTests.swift; sourceTree = "<group>"; };
		C79F4AD1BF03F0590CAB7FE6 /* Pods_MovieApp.framework */ = {isa = PBXFileReference; explicitFileType = wrapper.framework; includeInIndex = 0; path = Pods_MovieApp.framework; sourceTree = BUILT_PRODUCTS_DIR; };
/* End PBXFileReference section */

/* Begin PBXFrameworksBuildPhase section */
		C3DA7895277F26FF0026A824 /* Frameworks */ = {
			isa = PBXFrameworksBuildPhase;
			buildActionMask = 2147483647;
			files = (
				383B55548CE0E5235D3093F8 /* Pods_MovieApp.framework in Frameworks */,
			);
			runOnlyForDeploymentPostprocessing = 0;
		};
		C3DA78AB277F27000026A824 /* Frameworks */ = {
			isa = PBXFrameworksBuildPhase;
			buildActionMask = 2147483647;
			files = (
				6B7DCFBA36BAE6BDA7CE14F9 /* Pods_MovieAppTests.framework in Frameworks */,
			);
			runOnlyForDeploymentPostprocessing = 0;
		};
		C3DA78B5277F27000026A824 /* Frameworks */ = {
			isa = PBXFrameworksBuildPhase;
			buildActionMask = 2147483647;
			files = (
				A35A858ABA3669786C28D773 /* Pods_MovieApp_MovieAppUITests.framework in Frameworks */,
			);
			runOnlyForDeploymentPostprocessing = 0;
		};
/* End PBXFrameworksBuildPhase section */

/* Begin PBXGroup section */
		58FA031B2210DC743CB1D042 /* Frameworks */ = {
			isa = PBXGroup;
			children = (
				C79F4AD1BF03F0590CAB7FE6 /* Pods_MovieApp.framework */,
				0DE5E4EDCA1AF8B125937718 /* Pods_MovieApp_MovieAppUITests.framework */,
				A28EF529F186F2312A69DE69 /* Pods_MovieAppTests.framework */,
			);
			name = Frameworks;
			sourceTree = "<group>";
		};
		C38FA728277F948A00DAB353 /* Base */ = {
			isa = PBXGroup;
			children = (
				C38FA729277F949700DAB353 /* BaseViewController.swift */,
			);
			path = Base;
			sourceTree = "<group>";
		};
		C38FA72B277F94AB00DAB353 /* Movies */ = {
			isa = PBXGroup;
			children = (
				C38FA72C277F94B800DAB353 /* MoviesViewController.swift */,
				C38FA74527819CC400DAB353 /* MovieDetailViewController.swift */,
			);
			path = Movies;
			sourceTree = "<group>";
		};
		C38FA73B2780319F00DAB353 /* CollectionViewCell */ = {
			isa = PBXGroup;
			children = (
				C38FA73C278031D300DAB353 /* MoviesCollectionViewCell.swift */,
			);
			path = CollectionViewCell;
			sourceTree = "<group>";
		};
		C3DA788F277F26FF0026A824 = {
			isa = PBXGroup;
			children = (
				C3DA789A277F26FF0026A824 /* MovieApp */,
				C3DA78B1277F27000026A824 /* MovieAppTests */,
				C3DA78BB277F27000026A824 /* MovieAppUITests */,
				C3DA7899277F26FF0026A824 /* Products */,
				D4BC350D62089B391DF2BD42 /* Pods */,
				58FA031B2210DC743CB1D042 /* Frameworks */,
			);
			sourceTree = "<group>";
		};
		C3DA7899277F26FF0026A824 /* Products */ = {
			isa = PBXGroup;
			children = (
				C3DA7898277F26FF0026A824 /* MovieApp.app */,
				C3DA78AE277F27000026A824 /* MovieAppTests.xctest */,
				C3DA78B8277F27000026A824 /* MovieAppUITests.xctest */,
			);
			name = Products;
			sourceTree = "<group>";
		};
		C3DA789A277F26FF0026A824 /* MovieApp */ = {
			isa = PBXGroup;
			children = (
				C3DA78CB277F2AC20026A824 /* Extensions */,
				C3DA78CC277F2AC90026A824 /* Managers */,
				C3DA78CD277F2AD20026A824 /* Models */,
				C3DA78CE277F2AD80026A824 /* Helper */,
				C3DA78CF277F2AE00026A824 /* ViewControllers */,
				C3DA78D0277F2AE60026A824 /* Views */,
				C3DA78D1277F2AF40026A824 /* ViewModels */,
				C3DA78D2277F2AFE0026A824 /* Storyboards */,
				C3DA78D3277F2B070026A824 /* Resources */,
				C3DA78A9277F27000026A824 /* Info.plist */,
			);
			path = MovieApp;
			sourceTree = "<group>";
		};
		C3DA78B1277F27000026A824 /* MovieAppTests */ = {
			isa = PBXGroup;
			children = (
				C3DA78B2277F27000026A824 /* MovieAppTests.swift */,
			);
			path = MovieAppTests;
			sourceTree = "<group>";
		};
		C3DA78BB277F27000026A824 /* MovieAppUITests */ = {
			isa = PBXGroup;
			children = (
				C3DA78BC277F27010026A824 /* MovieAppUITests.swift */,
				C3DA78BE277F27010026A824 /* MovieAppUITestsLaunchTests.swift */,
			);
			path = MovieAppUITests;
			sourceTree = "<group>";
		};
		C3DA78CB277F2AC20026A824 /* Extensions */ = {
			isa = PBXGroup;
			children = (
				C38FA74027806F2100DAB353 /* ReactiveExtension.swift */,
				C38FA74227806F3500DAB353 /* StringExtension.swift */,
				C38FA73E27806F0900DAB353 /* UIViewExtension.swift */,
			);
			path = Extensions;
			sourceTree = "<group>";
		};
		C3DA78CC277F2AC90026A824 /* Managers */ = {
			isa = PBXGroup;
			children = (
				C38FA71F277F706A00DAB353 /* NetworkManager.swift */,
			);
			path = Managers;
			sourceTree = "<group>";
		};
		C3DA78CD277F2AD20026A824 /* Models */ = {
			isa = PBXGroup;
			children = (
				C38FA734277F973500DAB353 /* CreatedBy.swift */,
				C38FA72E277F94E600DAB353 /* MovieResponse.swift */,
				C38FA730277F95B200DAB353 /* Movie.swift */,
				C38FA732277F968700DAB353 /* MediaType.swift */,
			);
			path = Models;
			sourceTree = "<group>";
		};
		C3DA78CE277F2AD80026A824 /* Helper */ = {
			isa = PBXGroup;
			children = (
				C38FA724277F945200DAB353 /* NetworkError.swift */,
				C38FA726277F946400DAB353 /* Alert.swift */,
			);
			path = Helper;
			sourceTree = "<group>";
		};
		C3DA78CF277F2AE00026A824 /* ViewControllers */ = {
			isa = PBXGroup;
			children = (
				C38FA728277F948A00DAB353 /* Base */,
				C38FA72B277F94AB00DAB353 /* Movies */,
			);
			path = ViewControllers;
			sourceTree = "<group>";
		};
		C3DA78D0277F2AE60026A824 /* Views */ = {
			isa = PBXGroup;
			children = (
				C38FA73B2780319F00DAB353 /* CollectionViewCell */,
			);
			path = Views;
			sourceTree = "<group>";
		};
		C3DA78D1277F2AF40026A824 /* ViewModels */ = {
			isa = PBXGroup;
			children = (
				C38FA739277FA0D400DAB353 /* MoviesViewModel.swift */,
			);
			path = ViewModels;
			sourceTree = "<group>";
		};
		C3DA78D2277F2AFE0026A824 /* Storyboards */ = {
			isa = PBXGroup;
			children = (
				C3DA78A1277F26FF0026A824 /* Main.storyboard */,
				C3DA78A6277F27000026A824 /* LaunchScreen.storyboard */,
			);
			path = Storyboards;
			sourceTree = "<group>";
		};
		C3DA78D3277F2B070026A824 /* Resources */ = {
			isa = PBXGroup;
			children = (
				C3DA789B277F26FF0026A824 /* AppDelegate.swift */,
				C3DA789D277F26FF0026A824 /* SceneDelegate.swift */,
				C38FA722277F710A00DAB353 /* Constants.swift */,
				C3DA78A4277F27000026A824 /* Assets.xcassets */,
			);
			path = Resources;
			sourceTree = "<group>";
		};
		D4BC350D62089B391DF2BD42 /* Pods */ = {
			isa = PBXGroup;
			children = (
				86AE708FE81B398EB859AD08 /* Pods-MovieApp.debug.xcconfig */,
				8CF1E4CFF7E7513E963A7165 /* Pods-MovieApp.release.xcconfig */,
				10E730C84A3374AE107F0521 /* Pods-MovieApp-MovieAppUITests.debug.xcconfig */,
				8E528D6F17CF5928DF1694B2 /* Pods-MovieApp-MovieAppUITests.release.xcconfig */,
				736BBFAA4884361EC69ABCF8 /* Pods-MovieAppTests.debug.xcconfig */,
				4DC85FA027400CDC3475AD9C /* Pods-MovieAppTests.release.xcconfig */,
			);
			path = Pods;
			sourceTree = "<group>";
		};
/* End PBXGroup section */

/* Begin PBXNativeTarget section */
		C3DA7897277F26FF0026A824 /* MovieApp */ = {
			isa = PBXNativeTarget;
			buildConfigurationList = C3DA78C2277F27010026A824 /* Build configuration list for PBXNativeTarget "MovieApp" */;
			buildPhases = (
				3914C85024EE1B27DC591E79 /* [CP] Check Pods Manifest.lock */,
				C3DA7894277F26FF0026A824 /* Sources */,
				C3DA7895277F26FF0026A824 /* Frameworks */,
				C3DA7896277F26FF0026A824 /* Resources */,
				5611F074350AC8045D3CF500 /* [CP] Embed Pods Frameworks */,
				C38FA721277F70D900DAB353 /* SwiftLint */,
			);
			buildRules = (
			);
			dependencies = (
			);
			name = MovieApp;
			productName = MovieApp;
			productReference = C3DA7898277F26FF0026A824 /* MovieApp.app */;
			productType = "com.apple.product-type.application";
		};
		C3DA78AD277F27000026A824 /* MovieAppTests */ = {
			isa = PBXNativeTarget;
			buildConfigurationList = C3DA78C5277F27010026A824 /* Build configuration list for PBXNativeTarget "MovieAppTests" */;
			buildPhases = (
				D04061F79B3EE9679D688191 /* [CP] Check Pods Manifest.lock */,
				C3DA78AA277F27000026A824 /* Sources */,
				C3DA78AB277F27000026A824 /* Frameworks */,
				C3DA78AC277F27000026A824 /* Resources */,
			);
			buildRules = (
			);
			dependencies = (
				C3DA78B0277F27000026A824 /* PBXTargetDependency */,
			);
			name = MovieAppTests;
			productName = MovieAppTests;
			productReference = C3DA78AE277F27000026A824 /* MovieAppTests.xctest */;
			productType = "com.apple.product-type.bundle.unit-test";
		};
		C3DA78B7277F27000026A824 /* MovieAppUITests */ = {
			isa = PBXNativeTarget;
			buildConfigurationList = C3DA78C8277F27010026A824 /* Build configuration list for PBXNativeTarget "MovieAppUITests" */;
			buildPhases = (
				B52D2D07E63A22C74AA3753D /* [CP] Check Pods Manifest.lock */,
				C3DA78B4277F27000026A824 /* Sources */,
				C3DA78B5277F27000026A824 /* Frameworks */,
				C3DA78B6277F27000026A824 /* Resources */,
				491746CEC056154B4BE755E0 /* [CP] Embed Pods Frameworks */,
			);
			buildRules = (
			);
			dependencies = (
				C3DA78BA277F27000026A824 /* PBXTargetDependency */,
			);
			name = MovieAppUITests;
			productName = MovieAppUITests;
			productReference = C3DA78B8277F27000026A824 /* MovieAppUITests.xctest */;
			productType = "com.apple.product-type.bundle.ui-testing";
		};
/* End PBXNativeTarget section */

/* Begin PBXProject section */
		C3DA7890277F26FF0026A824 /* Project object */ = {
			isa = PBXProject;
			attributes = {
				BuildIndependentTargetsInParallel = 1;
				LastSwiftUpdateCheck = 1310;
				LastUpgradeCheck = 1310;
				TargetAttributes = {
					C3DA7897277F26FF0026A824 = {
						CreatedOnToolsVersion = 13.1;
					};
					C3DA78AD277F27000026A824 = {
						CreatedOnToolsVersion = 13.1;
						TestTargetID = C3DA7897277F26FF0026A824;
					};
					C3DA78B7277F27000026A824 = {
						CreatedOnToolsVersion = 13.1;
						TestTargetID = C3DA7897277F26FF0026A824;
					};
				};
			};
			buildConfigurationList = C3DA7893277F26FF0026A824 /* Build configuration list for PBXProject "MovieApp" */;
			compatibilityVersion = "Xcode 13.0";
			developmentRegion = en;
			hasScannedForEncodings = 0;
			knownRegions = (
				en,
				Base,
			);
			mainGroup = C3DA788F277F26FF0026A824;
			productRefGroup = C3DA7899277F26FF0026A824 /* Products */;
			projectDirPath = "";
			projectRoot = "";
			targets = (
				C3DA7897277F26FF0026A824 /* MovieApp */,
				C3DA78AD277F27000026A824 /* MovieAppTests */,
				C3DA78B7277F27000026A824 /* MovieAppUITests */,
			);
		};
/* End PBXProject section */

/* Begin PBXResourcesBuildPhase section */
		C3DA7896277F26FF0026A824 /* Resources */ = {
			isa = PBXResourcesBuildPhase;
			buildActionMask = 2147483647;
			files = (
				C3DA78A8277F27000026A824 /* LaunchScreen.storyboard in Resources */,
				C3DA78A5277F27000026A824 /* Assets.xcassets in Resources */,
				C3DA78A3277F26FF0026A824 /* Main.storyboard in Resources */,
			);
			runOnlyForDeploymentPostprocessing = 0;
		};
		C3DA78AC277F27000026A824 /* Resources */ = {
			isa = PBXResourcesBuildPhase;
			buildActionMask = 2147483647;
			files = (
			);
			runOnlyForDeploymentPostprocessing = 0;
		};
		C3DA78B6277F27000026A824 /* Resources */ = {
			isa = PBXResourcesBuildPhase;
			buildActionMask = 2147483647;
			files = (
			);
			runOnlyForDeploymentPostprocessing = 0;
		};
/* End PBXResourcesBuildPhase section */

/* Begin PBXShellScriptBuildPhase section */
		3914C85024EE1B27DC591E79 /* [CP] Check Pods Manifest.lock */ = {
			isa = PBXShellScriptBuildPhase;
			buildActionMask = 2147483647;
			files = (
			);
			inputFileListPaths = (
			);
			inputPaths = (
				"${PODS_PODFILE_DIR_PATH}/Podfile.lock",
				"${PODS_ROOT}/Manifest.lock",
			);
			name = "[CP] Check Pods Manifest.lock";
			outputFileListPaths = (
			);
			outputPaths = (
				"$(DERIVED_FILE_DIR)/Pods-MovieApp-checkManifestLockResult.txt",
			);
			runOnlyForDeploymentPostprocessing = 0;
			shellPath = /bin/sh;
			shellScript = "diff \"${PODS_PODFILE_DIR_PATH}/Podfile.lock\" \"${PODS_ROOT}/Manifest.lock\" > /dev/null\nif [ $? != 0 ] ; then\n    # print error to STDERR\n    echo \"error: The sandbox is not in sync with the Podfile.lock. Run 'pod install' or update your CocoaPods installation.\" >&2\n    exit 1\nfi\n# This output is used by Xcode 'outputs' to avoid re-running this script phase.\necho \"SUCCESS\" > \"${SCRIPT_OUTPUT_FILE_0}\"\n";
			showEnvVarsInLog = 0;
		};
		491746CEC056154B4BE755E0 /* [CP] Embed Pods Frameworks */ = {
			isa = PBXShellScriptBuildPhase;
			buildActionMask = 2147483647;
			files = (
			);
			inputFileListPaths = (
				"${PODS_ROOT}/Target Support Files/Pods-MovieApp-MovieAppUITests/Pods-MovieApp-MovieAppUITests-frameworks-${CONFIGURATION}-input-files.xcfilelist",
			);
			name = "[CP] Embed Pods Frameworks";
			outputFileListPaths = (
				"${PODS_ROOT}/Target Support Files/Pods-MovieApp-MovieAppUITests/Pods-MovieApp-MovieAppUITests-frameworks-${CONFIGURATION}-output-files.xcfilelist",
			);
			runOnlyForDeploymentPostprocessing = 0;
			shellPath = /bin/sh;
			shellScript = "\"${PODS_ROOT}/Target Support Files/Pods-MovieApp-MovieAppUITests/Pods-MovieApp-MovieAppUITests-frameworks.sh\"\n";
			showEnvVarsInLog = 0;
		};
		5611F074350AC8045D3CF500 /* [CP] Embed Pods Frameworks */ = {
			isa = PBXShellScriptBuildPhase;
			buildActionMask = 2147483647;
			files = (
			);
			inputFileListPaths = (
				"${PODS_ROOT}/Target Support Files/Pods-MovieApp/Pods-MovieApp-frameworks-${CONFIGURATION}-input-files.xcfilelist",
			);
			name = "[CP] Embed Pods Frameworks";
			outputFileListPaths = (
				"${PODS_ROOT}/Target Support Files/Pods-MovieApp/Pods-MovieApp-frameworks-${CONFIGURATION}-output-files.xcfilelist",
			);
			runOnlyForDeploymentPostprocessing = 0;
			shellPath = /bin/sh;
			shellScript = "\"${PODS_ROOT}/Target Support Files/Pods-MovieApp/Pods-MovieApp-frameworks.sh\"\n";
			showEnvVarsInLog = 0;
		};
		B52D2D07E63A22C74AA3753D /* [CP] Check Pods Manifest.lock */ = {
			isa = PBXShellScriptBuildPhase;
			buildActionMask = 2147483647;
			files = (
			);
			inputFileListPaths = (
			);
			inputPaths = (
				"${PODS_PODFILE_DIR_PATH}/Podfile.lock",
				"${PODS_ROOT}/Manifest.lock",
			);
			name = "[CP] Check Pods Manifest.lock";
			outputFileListPaths = (
			);
			outputPaths = (
				"$(DERIVED_FILE_DIR)/Pods-MovieApp-MovieAppUITests-checkManifestLockResult.txt",
			);
			runOnlyForDeploymentPostprocessing = 0;
			shellPath = /bin/sh;
			shellScript = "diff \"${PODS_PODFILE_DIR_PATH}/Podfile.lock\" \"${PODS_ROOT}/Manifest.lock\" > /dev/null\nif [ $? != 0 ] ; then\n    # print error to STDERR\n    echo \"error: The sandbox is not in sync with the Podfile.lock. Run 'pod install' or update your CocoaPods installation.\" >&2\n    exit 1\nfi\n# This output is used by Xcode 'outputs' to avoid re-running this script phase.\necho \"SUCCESS\" > \"${SCRIPT_OUTPUT_FILE_0}\"\n";
			showEnvVarsInLog = 0;
		};
		C38FA721277F70D900DAB353 /* SwiftLint */ = {
			isa = PBXShellScriptBuildPhase;
			buildActionMask = 2147483647;
			files = (
			);
			inputFileListPaths = (
			);
			inputPaths = (
			);
			name = SwiftLint;
			outputFileListPaths = (
			);
			outputPaths = (
			);
			runOnlyForDeploymentPostprocessing = 0;
			shellPath = /bin/sh;
			shellScript = "# Type a script or drag a script file from your workspace to insert its path.\nif which swiftlint >/dev/null; then\n  swiftlint\nelse\n  echo \"warning: SwiftLint not installed, download from https://github.com/realm/SwiftLint\"\nfi\n";
		};
		D04061F79B3EE9679D688191 /* [CP] Check Pods Manifest.lock */ = {
			isa = PBXShellScriptBuildPhase;
			buildActionMask = 2147483647;
			files = (
			);
			inputFileListPaths = (
			);
			inputPaths = (
				"${PODS_PODFILE_DIR_PATH}/Podfile.lock",
				"${PODS_ROOT}/Manifest.lock",
			);
			name = "[CP] Check Pods Manifest.lock";
			outputFileListPaths = (
			);
			outputPaths = (
				"$(DERIVED_FILE_DIR)/Pods-MovieAppTests-checkManifestLockResult.txt",
			);
			runOnlyForDeploymentPostprocessing = 0;
			shellPath = /bin/sh;
			shellScript = "diff \"${PODS_PODFILE_DIR_PATH}/Podfile.lock\" \"${PODS_ROOT}/Manifest.lock\" > /dev/null\nif [ $? != 0 ] ; then\n    # print error to STDERR\n    echo \"error: The sandbox is not in sync with the Podfile.lock. Run 'pod install' or update your CocoaPods installation.\" >&2\n    exit 1\nfi\n# This output is used by Xcode 'outputs' to avoid re-running this script phase.\necho \"SUCCESS\" > \"${SCRIPT_OUTPUT_FILE_0}\"\n";
			showEnvVarsInLog = 0;
		};
/* End PBXShellScriptBuildPhase section */

/* Begin PBXSourcesBuildPhase section */
		C3DA7894277F26FF0026A824 /* Sources */ = {
			isa = PBXSourcesBuildPhase;
			buildActionMask = 2147483647;
			files = (
				C38FA73F27806F0900DAB353 /* UIViewExtension.swift in Sources */,
				C38FA733277F968700DAB353 /* MediaType.swift in Sources */,
				C38FA74127806F2100DAB353 /* ReactiveExtension.swift in Sources */,
				C38FA723277F710A00DAB353 /* Constants.swift in Sources */,
				C38FA720277F706A00DAB353 /* NetworkManager.swift in Sources */,
				C38FA725277F945200DAB353 /* NetworkError.swift in Sources */,
				C38FA72F277F94E600DAB353 /* MovieResponse.swift in Sources */,
				C3DA789C277F26FF0026A824 /* AppDelegate.swift in Sources */,
				C38FA74327806F3500DAB353 /* StringExtension.swift in Sources */,
				C38FA72D277F94B800DAB353 /* MoviesViewController.swift in Sources */,
				C38FA72A277F949700DAB353 /* BaseViewController.swift in Sources */,
				C3DA789E277F26FF0026A824 /* SceneDelegate.swift in Sources */,
				C38FA735277F973500DAB353 /* CreatedBy.swift in Sources */,
				C38FA73A277FA0D400DAB353 /* MoviesViewModel.swift in Sources */,
				C38FA731277F95B200DAB353 /* Movie.swift in Sources */,
				C38FA727277F946400DAB353 /* Alert.swift in Sources */,
				C38FA74627819CC400DAB353 /* MovieDetailViewController.swift in Sources */,
				C38FA73D278031D300DAB353 /* MoviesCollectionViewCell.swift in Sources */,
			);
			runOnlyForDeploymentPostprocessing = 0;
		};
		C3DA78AA277F27000026A824 /* Sources */ = {
			isa = PBXSourcesBuildPhase;
			buildActionMask = 2147483647;
			files = (
				C3DA78B3277F27000026A824 /* MovieAppTests.swift in Sources */,
			);
			runOnlyForDeploymentPostprocessing = 0;
		};
		C3DA78B4277F27000026A824 /* Sources */ = {
			isa = PBXSourcesBuildPhase;
			buildActionMask = 2147483647;
			files = (
				C3DA78BF277F27010026A824 /* MovieAppUITestsLaunchTests.swift in Sources */,
				C3DA78BD277F27010026A824 /* MovieAppUITests.swift in Sources */,
			);
			runOnlyForDeploymentPostprocessing = 0;
		};
/* End PBXSourcesBuildPhase section */

/* Begin PBXTargetDependency section */
		C3DA78B0277F27000026A824 /* PBXTargetDependency */ = {
			isa = PBXTargetDependency;
			target = C3DA7897277F26FF0026A824 /* MovieApp */;
			targetProxy = C3DA78AF277F27000026A824 /* PBXContainerItemProxy */;
		};
		C3DA78BA277F27000026A824 /* PBXTargetDependency */ = {
			isa = PBXTargetDependency;
			target = C3DA7897277F26FF0026A824 /* MovieApp */;
			targetProxy = C3DA78B9277F27000026A824 /* PBXContainerItemProxy */;
		};
/* End PBXTargetDependency section */

/* Begin PBXVariantGroup section */
		C3DA78A1277F26FF0026A824 /* Main.storyboard */ = {
			isa = PBXVariantGroup;
			children = (
				C3DA78A2277F26FF0026A824 /* Base */,
			);
			name = Main.storyboard;
			sourceTree = "<group>";
		};
		C3DA78A6277F27000026A824 /* LaunchScreen.storyboard */ = {
			isa = PBXVariantGroup;
			children = (
				C3DA78A7277F27000026A824 /* Base */,
			);
			name = LaunchScreen.storyboard;
			sourceTree = "<group>";
		};
/* End PBXVariantGroup section */

/* Begin XCBuildConfiguration section */
		C3DA78C0277F27010026A824 /* Debug */ = {
			isa = XCBuildConfiguration;
			buildSettings = {
				ALWAYS_SEARCH_USER_PATHS = NO;
				CLANG_ANALYZER_NONNULL = YES;
				CLANG_ANALYZER_NUMBER_OBJECT_CONVERSION = YES_AGGRESSIVE;
				CLANG_CXX_LANGUAGE_STANDARD = "gnu++17";
				CLANG_CXX_LIBRARY = "libc++";
				CLANG_ENABLE_MODULES = YES;
				CLANG_ENABLE_OBJC_ARC = YES;
				CLANG_ENABLE_OBJC_WEAK = YES;
				CLANG_WARN_BLOCK_CAPTURE_AUTORELEASING = YES;
				CLANG_WARN_BOOL_CONVERSION = YES;
				CLANG_WARN_COMMA = YES;
				CLANG_WARN_CONSTANT_CONVERSION = YES;
				CLANG_WARN_DEPRECATED_OBJC_IMPLEMENTATIONS = YES;
				CLANG_WARN_DIRECT_OBJC_ISA_USAGE = YES_ERROR;
				CLANG_WARN_DOCUMENTATION_COMMENTS = YES;
				CLANG_WARN_EMPTY_BODY = YES;
				CLANG_WARN_ENUM_CONVERSION = YES;
				CLANG_WARN_INFINITE_RECURSION = YES;
				CLANG_WARN_INT_CONVERSION = YES;
				CLANG_WARN_NON_LITERAL_NULL_CONVERSION = YES;
				CLANG_WARN_OBJC_IMPLICIT_RETAIN_SELF = YES;
				CLANG_WARN_OBJC_LITERAL_CONVERSION = YES;
				CLANG_WARN_OBJC_ROOT_CLASS = YES_ERROR;
				CLANG_WARN_QUOTED_INCLUDE_IN_FRAMEWORK_HEADER = YES;
				CLANG_WARN_RANGE_LOOP_ANALYSIS = YES;
				CLANG_WARN_STRICT_PROTOTYPES = YES;
				CLANG_WARN_SUSPICIOUS_MOVE = YES;
				CLANG_WARN_UNGUARDED_AVAILABILITY = YES_AGGRESSIVE;
				CLANG_WARN_UNREACHABLE_CODE = YES;
				CLANG_WARN__DUPLICATE_METHOD_MATCH = YES;
				COPY_PHASE_STRIP = NO;
				DEBUG_INFORMATION_FORMAT = dwarf;
				ENABLE_STRICT_OBJC_MSGSEND = YES;
				ENABLE_TESTABILITY = YES;
				GCC_C_LANGUAGE_STANDARD = gnu11;
				GCC_DYNAMIC_NO_PIC = NO;
				GCC_NO_COMMON_BLOCKS = YES;
				GCC_OPTIMIZATION_LEVEL = 0;
				GCC_PREPROCESSOR_DEFINITIONS = (
					"DEBUG=1",
					"$(inherited)",
				);
				GCC_WARN_64_TO_32_BIT_CONVERSION = YES;
				GCC_WARN_ABOUT_RETURN_TYPE = YES_ERROR;
				GCC_WARN_UNDECLARED_SELECTOR = YES;
				GCC_WARN_UNINITIALIZED_AUTOS = YES_AGGRESSIVE;
				GCC_WARN_UNUSED_FUNCTION = YES;
				GCC_WARN_UNUSED_VARIABLE = YES;
				IPHONEOS_DEPLOYMENT_TARGET = 15.0;
				MTL_ENABLE_DEBUG_INFO = INCLUDE_SOURCE;
				MTL_FAST_MATH = YES;
				ONLY_ACTIVE_ARCH = YES;
				SDKROOT = iphoneos;
				SWIFT_ACTIVE_COMPILATION_CONDITIONS = DEBUG;
				SWIFT_OPTIMIZATION_LEVEL = "-Onone";
			};
			name = Debug;
		};
		C3DA78C1277F27010026A824 /* Release */ = {
			isa = XCBuildConfiguration;
			buildSettings = {
				ALWAYS_SEARCH_USER_PATHS = NO;
				CLANG_ANALYZER_NONNULL = YES;
				CLANG_ANALYZER_NUMBER_OBJECT_CONVERSION = YES_AGGRESSIVE;
				CLANG_CXX_LANGUAGE_STANDARD = "gnu++17";
				CLANG_CXX_LIBRARY = "libc++";
				CLANG_ENABLE_MODULES = YES;
				CLANG_ENABLE_OBJC_ARC = YES;
				CLANG_ENABLE_OBJC_WEAK = YES;
				CLANG_WARN_BLOCK_CAPTURE_AUTORELEASING = YES;
				CLANG_WARN_BOOL_CONVERSION = YES;
				CLANG_WARN_COMMA = YES;
				CLANG_WARN_CONSTANT_CONVERSION = YES;
				CLANG_WARN_DEPRECATED_OBJC_IMPLEMENTATIONS = YES;
				CLANG_WARN_DIRECT_OBJC_ISA_USAGE = YES_ERROR;
				CLANG_WARN_DOCUMENTATION_COMMENTS = YES;
				CLANG_WARN_EMPTY_BODY = YES;
				CLANG_WARN_ENUM_CONVERSION = YES;
				CLANG_WARN_INFINITE_RECURSION = YES;
				CLANG_WARN_INT_CONVERSION = YES;
				CLANG_WARN_NON_LITERAL_NULL_CONVERSION = YES;
				CLANG_WARN_OBJC_IMPLICIT_RETAIN_SELF = YES;
				CLANG_WARN_OBJC_LITERAL_CONVERSION = YES;
				CLANG_WARN_OBJC_ROOT_CLASS = YES_ERROR;
				CLANG_WARN_QUOTED_INCLUDE_IN_FRAMEWORK_HEADER = YES;
				CLANG_WARN_RANGE_LOOP_ANALYSIS = YES;
				CLANG_WARN_STRICT_PROTOTYPES = YES;
				CLANG_WARN_SUSPICIOUS_MOVE = YES;
				CLANG_WARN_UNGUARDED_AVAILABILITY = YES_AGGRESSIVE;
				CLANG_WARN_UNREACHABLE_CODE = YES;
				CLANG_WARN__DUPLICATE_METHOD_MATCH = YES;
				COPY_PHASE_STRIP = NO;
				DEBUG_INFORMATION_FORMAT = "dwarf-with-dsym";
				ENABLE_NS_ASSERTIONS = NO;
				ENABLE_STRICT_OBJC_MSGSEND = YES;
				GCC_C_LANGUAGE_STANDARD = gnu11;
				GCC_NO_COMMON_BLOCKS = YES;
				GCC_WARN_64_TO_32_BIT_CONVERSION = YES;
				GCC_WARN_ABOUT_RETURN_TYPE = YES_ERROR;
				GCC_WARN_UNDECLARED_SELECTOR = YES;
				GCC_WARN_UNINITIALIZED_AUTOS = YES_AGGRESSIVE;
				GCC_WARN_UNUSED_FUNCTION = YES;
				GCC_WARN_UNUSED_VARIABLE = YES;
				IPHONEOS_DEPLOYMENT_TARGET = 15.0;
				MTL_ENABLE_DEBUG_INFO = NO;
				MTL_FAST_MATH = YES;
				SDKROOT = iphoneos;
				SWIFT_COMPILATION_MODE = wholemodule;
				SWIFT_OPTIMIZATION_LEVEL = "-O";
				VALIDATE_PRODUCT = YES;
			};
			name = Release;
		};
		C3DA78C3277F27010026A824 /* Debug */ = {
			isa = XCBuildConfiguration;
			baseConfigurationReference = 86AE708FE81B398EB859AD08 /* Pods-MovieApp.debug.xcconfig */;
			buildSettings = {
				ASSETCATALOG_COMPILER_APPICON_NAME = AppIcon;
				ASSETCATALOG_COMPILER_GLOBAL_ACCENT_COLOR_NAME = AccentColor;
				CODE_SIGN_STYLE = Automatic;
				CURRENT_PROJECT_VERSION = 1;
				DEVELOPMENT_TEAM = 5D4JY3DVDT;
				GENERATE_INFOPLIST_FILE = YES;
				INFOPLIST_FILE = MovieApp/Info.plist;
				INFOPLIST_KEY_UIApplicationSupportsIndirectInputEvents = YES;
				INFOPLIST_KEY_UILaunchStoryboardName = LaunchScreen;
				INFOPLIST_KEY_UIMainStoryboardFile = Main;
				INFOPLIST_KEY_UISupportedInterfaceOrientations = UIInterfaceOrientationPortrait;
				INFOPLIST_KEY_UISupportedInterfaceOrientations_iPad = "UIInterfaceOrientationPortrait UIInterfaceOrientationPortraitUpsideDown UIInterfaceOrientationLandscapeLeft UIInterfaceOrientationLandscapeRight";
				INFOPLIST_KEY_UISupportedInterfaceOrientations_iPhone = "UIInterfaceOrientationPortrait UIInterfaceOrientationLandscapeLeft UIInterfaceOrientationLandscapeRight";
				IPHONEOS_DEPLOYMENT_TARGET = 10.0;
				LD_RUNPATH_SEARCH_PATHS = (
					"$(inherited)",
					"@executable_path/Frameworks",
				);
				MARKETING_VERSION = 1.0;
				PRODUCT_BUNDLE_IDENTIFIER = com.ea.MovieApp;
				PRODUCT_NAME = "$(TARGET_NAME)";
				SWIFT_EMIT_LOC_STRINGS = YES;
				SWIFT_VERSION = 5.0;
				TARGETED_DEVICE_FAMILY = "1,2";
			};
			name = Debug;
		};
		C3DA78C4277F27010026A824 /* Release */ = {
			isa = XCBuildConfiguration;
			baseConfigurationReference = 8CF1E4CFF7E7513E963A7165 /* Pods-MovieApp.release.xcconfig */;
			buildSettings = {
				ASSETCATALOG_COMPILER_APPICON_NAME = AppIcon;
				ASSETCATALOG_COMPILER_GLOBAL_ACCENT_COLOR_NAME = AccentColor;
				CODE_SIGN_STYLE = Automatic;
				CURRENT_PROJECT_VERSION = 1;
				DEVELOPMENT_TEAM = 5D4JY3DVDT;
				GENERATE_INFOPLIST_FILE = YES;
				INFOPLIST_FILE = MovieApp/Info.plist;
				INFOPLIST_KEY_UIApplicationSupportsIndirectInputEvents = YES;
				INFOPLIST_KEY_UILaunchStoryboardName = LaunchScreen;
				INFOPLIST_KEY_UIMainStoryboardFile = Main;
				INFOPLIST_KEY_UISupportedInterfaceOrientations = UIInterfaceOrientationPortrait;
				INFOPLIST_KEY_UISupportedInterfaceOrientations_iPad = "UIInterfaceOrientationPortrait UIInterfaceOrientationPortraitUpsideDown UIInterfaceOrientationLandscapeLeft UIInterfaceOrientationLandscapeRight";
				INFOPLIST_KEY_UISupportedInterfaceOrientations_iPhone = "UIInterfaceOrientationPortrait UIInterfaceOrientationLandscapeLeft UIInterfaceOrientationLandscapeRight";
				IPHONEOS_DEPLOYMENT_TARGET = 10.0;
				LD_RUNPATH_SEARCH_PATHS = (
					"$(inherited)",
					"@executable_path/Frameworks",
				);
				MARKETING_VERSION = 1.0;
				PRODUCT_BUNDLE_IDENTIFIER = com.ea.MovieApp;
				PRODUCT_NAME = "$(TARGET_NAME)";
				SWIFT_EMIT_LOC_STRINGS = YES;
				SWIFT_VERSION = 5.0;
				TARGETED_DEVICE_FAMILY = "1,2";
			};
			name = Release;
		};
		C3DA78C6277F27010026A824 /* Debug */ = {
			isa = XCBuildConfiguration;
			baseConfigurationReference = 736BBFAA4884361EC69ABCF8 /* Pods-MovieAppTests.debug.xcconfig */;
			buildSettings = {
				ALWAYS_EMBED_SWIFT_STANDARD_LIBRARIES = YES;
				BUNDLE_LOADER = "$(TEST_HOST)";
				CODE_SIGN_STYLE = Automatic;
				CURRENT_PROJECT_VERSION = 1;
				DEVELOPMENT_TEAM = 5D4JY3DVDT;
				GENERATE_INFOPLIST_FILE = YES;
				IPHONEOS_DEPLOYMENT_TARGET = 15.0;
				LD_RUNPATH_SEARCH_PATHS = (
					"$(inherited)",
					"@executable_path/Frameworks",
					"@loader_path/Frameworks",
				);
				MARKETING_VERSION = 1.0;
				PRODUCT_BUNDLE_IDENTIFIER = com.ea.MovieAppTests;
				PRODUCT_NAME = "$(TARGET_NAME)";
				SWIFT_EMIT_LOC_STRINGS = NO;
				SWIFT_VERSION = 5.0;
				TARGETED_DEVICE_FAMILY = "1,2";
				TEST_HOST = "$(BUILT_PRODUCTS_DIR)/MovieApp.app/MovieApp";
			};
			name = Debug;
		};
		C3DA78C7277F27010026A824 /* Release */ = {
			isa = XCBuildConfiguration;
			baseConfigurationReference = 4DC85FA027400CDC3475AD9C /* Pods-MovieAppTests.release.xcconfig */;
			buildSettings = {
				ALWAYS_EMBED_SWIFT_STANDARD_LIBRARIES = YES;
				BUNDLE_LOADER = "$(TEST_HOST)";
				CODE_SIGN_STYLE = Automatic;
				CURRENT_PROJECT_VERSION = 1;
				DEVELOPMENT_TEAM = 5D4JY3DVDT;
				GENERATE_INFOPLIST_FILE = YES;
				IPHONEOS_DEPLOYMENT_TARGET = 15.0;
				LD_RUNPATH_SEARCH_PATHS = (
					"$(inherited)",
					"@executable_path/Frameworks",
					"@loader_path/Frameworks",
				);
				MARKETING_VERSION = 1.0;
				PRODUCT_BUNDLE_IDENTIFIER = com.ea.MovieAppTests;
				PRODUCT_NAME = "$(TARGET_NAME)";
				SWIFT_EMIT_LOC_STRINGS = NO;
				SWIFT_VERSION = 5.0;
				TARGETED_DEVICE_FAMILY = "1,2";
				TEST_HOST = "$(BUILT_PRODUCTS_DIR)/MovieApp.app/MovieApp";
			};
			name = Release;
		};
		C3DA78C9277F27010026A824 /* Debug */ = {
			isa = XCBuildConfiguration;
			baseConfigurationReference = 10E730C84A3374AE107F0521 /* Pods-MovieApp-MovieAppUITests.debug.xcconfig */;
			buildSettings = {
				ALWAYS_EMBED_SWIFT_STANDARD_LIBRARIES = YES;
				CODE_SIGN_STYLE = Automatic;
				CURRENT_PROJECT_VERSION = 1;
				DEVELOPMENT_TEAM = 5D4JY3DVDT;
				GENERATE_INFOPLIST_FILE = YES;
				LD_RUNPATH_SEARCH_PATHS = (
					"$(inherited)",
					"@executable_path/Frameworks",
					"@loader_path/Frameworks",
				);
				MARKETING_VERSION = 1.0;
				PRODUCT_BUNDLE_IDENTIFIER = com.ea.MovieAppUITests;
				PRODUCT_NAME = "$(TARGET_NAME)";
				SWIFT_EMIT_LOC_STRINGS = NO;
				SWIFT_VERSION = 5.0;
				TARGETED_DEVICE_FAMILY = "1,2";
				TEST_TARGET_NAME = MovieApp;
			};
			name = Debug;
		};
		C3DA78CA277F27010026A824 /* Release */ = {
			isa = XCBuildConfiguration;
			baseConfigurationReference = 8E528D6F17CF5928DF1694B2 /* Pods-MovieApp-MovieAppUITests.release.xcconfig */;
			buildSettings = {
				ALWAYS_EMBED_SWIFT_STANDARD_LIBRARIES = YES;
				CODE_SIGN_STYLE = Automatic;
				CURRENT_PROJECT_VERSION = 1;
				DEVELOPMENT_TEAM = 5D4JY3DVDT;
				GENERATE_INFOPLIST_FILE = YES;
				LD_RUNPATH_SEARCH_PATHS = (
					"$(inherited)",
					"@executable_path/Frameworks",
					"@loader_path/Frameworks",
				);
				MARKETING_VERSION = 1.0;
				PRODUCT_BUNDLE_IDENTIFIER = com.ea.MovieAppUITests;
				PRODUCT_NAME = "$(TARGET_NAME)";
				SWIFT_EMIT_LOC_STRINGS = NO;
				SWIFT_VERSION = 5.0;
				TARGETED_DEVICE_FAMILY = "1,2";
				TEST_TARGET_NAME = MovieApp;
			};
			name = Release;
		};
/* End XCBuildConfiguration section */

/* Begin XCConfigurationList section */
		C3DA7893277F26FF0026A824 /* Build configuration list for PBXProject "MovieApp" */ = {
			isa = XCConfigurationList;
			buildConfigurations = (
				C3DA78C0277F27010026A824 /* Debug */,
				C3DA78C1277F27010026A824 /* Release */,
			);
			defaultConfigurationIsVisible = 0;
			defaultConfigurationName = Release;
		};
		C3DA78C2277F27010026A824 /* Build configuration list for PBXNativeTarget "MovieApp" */ = {
			isa = XCConfigurationList;
			buildConfigurations = (
				C3DA78C3277F27010026A824 /* Debug */,
				C3DA78C4277F27010026A824 /* Release */,
			);
			defaultConfigurationIsVisible = 0;
			defaultConfigurationName = Release;
		};
		C3DA78C5277F27010026A824 /* Build configuration list for PBXNativeTarget "MovieAppTests" */ = {
			isa = XCConfigurationList;
			buildConfigurations = (
				C3DA78C6277F27010026A824 /* Debug */,
				C3DA78C7277F27010026A824 /* Release */,
			);
			defaultConfigurationIsVisible = 0;
			defaultConfigurationName = Release;
		};
		C3DA78C8277F27010026A824 /* Build configuration list for PBXNativeTarget "MovieAppUITests" */ = {
			isa = XCConfigurationList;
			buildConfigurations = (
				C3DA78C9277F27010026A824 /* Debug */,
				C3DA78CA277F27010026A824 /* Release */,
			);
			defaultConfigurationIsVisible = 0;
			defaultConfigurationName = Release;
		};
/* End XCConfigurationList section */
	};
	rootObject = C3DA7890277F26FF0026A824 /* Project object */;
}
